PODS:
  - TextFieldEffects (1.4.0)

DEPENDENCIES:
  - TextFieldEffects

SPEC REPOS:
  https://github.com/cocoapods/specs.git:
    - TextFieldEffects

SPEC CHECKSUMS:
  TextFieldEffects: 4ee41b5216e674d55fb6ac25107bf1af7629176f

PODFILE CHECKSUM: a8c8cebc5aafb8f38d6f4f5b13987708fdfe41ea

COCOAPODS: 1.5.3
